// !$*UTF8*$!
{
	archiveVersion = 1;
	classes = {
	};
	objectVersion = 55;
	objects = {

/* Begin PBXBuildFile section */
		2A5E1DD429F1732900823544 /* AppDelegate.swift in Sources */ = {isa = PBXBuildFile; fileRef = 2A5E1DD329F1732900823544 /* AppDelegate.swift */; };
		2A5E1DD629F1732900823544 /* SceneDelegate.swift in Sources */ = {isa = PBXBuildFile; fileRef = 2A5E1DD529F1732900823544 /* SceneDelegate.swift */; };
		2A5E1DD829F1732900823544 /* ViewController.swift in Sources */ = {isa = PBXBuildFile; fileRef = 2A5E1DD729F1732900823544 /* ViewController.swift */; };
		2A5E1DDB29F1732900823544 /* Main.storyboard in Resources */ = {isa = PBXBuildFile; fileRef = 2A5E1DD929F1732900823544 /* Main.storyboard */; };
		2A5E1DDD29F1732E00823544 /* Assets.xcassets in Resources */ = {isa = PBXBuildFile; fileRef = 2A5E1DDC29F1732E00823544 /* Assets.xcassets */; };
		2A5E1DE029F1732E00823544 /* LaunchScreen.storyboard in Resources */ = {isa = PBXBuildFile; fileRef = 2A5E1DDE29F1732E00823544 /* LaunchScreen.storyboard */; };
		2AC5B24129F28E3F00BC5B72 /* NestedView.swift in Sources */ = {isa = PBXBuildFile; fileRef = 2AC5B24029F28E3F00BC5B72 /* NestedView.swift */; };
		2AC5B24429F2D71200BC5B72 /*  Margins Interface Builder.swift in Sources */ = {isa = PBXBuildFile; fileRef = 2AC5B24329F2D71200BC5B72 /*  Margins Interface Builder.swift */; };
		2AC5B24629F2ED8200BC5B72 /* NestedViewController.swift in Sources */ = {isa = PBXBuildFile; fileRef = 2AC5B24529F2ED8200BC5B72 /* NestedViewController.swift */; };
		2AC5B24929F306F200BC5B72 /* RootViewController.swift in Sources */ = {isa = PBXBuildFile; fileRef = 2AC5B24829F306F200BC5B72 /* RootViewController.swift */; };
		2AC5B24B29F306FA00BC5B72 /* UIViewController+SafeAnchor.swift in Sources */ = {isa = PBXBuildFile; fileRef = 2AC5B24A29F306FA00BC5B72 /* UIViewController+SafeAnchor.swift */; };
		2AC5B24D29F3070100BC5B72 /* TileView.swift in Sources */ = {isa = PBXBuildFile; fileRef = 2AC5B24C29F3070100BC5B72 /* TileView.swift */; };
/* End PBXBuildFile section */

/* Begin PBXFileReference section */
		2A5E1DD029F1732900823544 /* Safearea.app */ = {isa = PBXFileReference; explicitFileType = wrapper.application; includeInIndex = 0; path = Safearea.app; sourceTree = BUILT_PRODUCTS_DIR; };
		2A5E1DD329F1732900823544 /* AppDelegate.swift */ = {isa = PBXFileReference; lastKnownFileType = sourcecode.swift; path = AppDelegate.swift; sourceTree = "<group>"; };
		2A5E1DD529F1732900823544 /* SceneDelegate.swift */ = {isa = PBXFileReference; lastKnownFileType = sourcecode.swift; path = SceneDelegate.swift; sourceTree = "<group>"; };
		2A5E1DD729F1732900823544 /* ViewController.swift */ = {isa = PBXFileReference; lastKnownFileType = sourcecode.swift; path = ViewController.swift; sourceTree = "<group>"; };
		2A5E1DDA29F1732900823544 /* Base */ = {isa = PBXFileReference; lastKnownFileType = file.storyboard; name = Base; path = Base.lproj/Main.storyboard; sourceTree = "<group>"; };
		2A5E1DDC29F1732E00823544 /* Assets.xcassets */ = {isa = PBXFileReference; lastKnownFileType = folder.assetcatalog; path = Assets.xcassets; sourceTree = "<group>"; };
		2A5E1DDF29F1732E00823544 /* Base */ = {isa = PBXFileReference; lastKnownFileType = file.storyboard; name = Base; path = Base.lproj/LaunchScreen.storyboard; sourceTree = "<group>"; };
		2A5E1DE129F1732E00823544 /* Info.plist */ = {isa = PBXFileReference; lastKnownFileType = text.plist.xml; path = Info.plist; sourceTree = "<group>"; };
		2AC5B24029F28E3F00BC5B72 /* NestedView.swift */ = {isa = PBXFileReference; lastKnownFileType = sourcecode.swift; path = NestedView.swift; sourceTree = "<group>"; };
		2AC5B24329F2D71200BC5B72 /*  Margins Interface Builder.swift */ = {isa = PBXFileReference; lastKnownFileType = sourcecode.swift; path = " Margins Interface Builder.swift"; sourceTree = "<group>"; };
		2AC5B24529F2ED8200BC5B72 /* NestedViewController.swift */ = {isa = PBXFileReference; lastKnownFileType = sourcecode.swift; path = NestedViewController.swift; sourceTree = "<group>"; };
		2AC5B24829F306F200BC5B72 /* RootViewController.swift */ = {isa = PBXFileReference; fileEncoding = 4; lastKnownFileType = sourcecode.swift; path = RootViewController.swift; sourceTree = "<group>"; };
		2AC5B24A29F306FA00BC5B72 /* UIViewController+SafeAnchor.swift */ = {isa = PBXFileReference; fileEncoding = 4; lastKnownFileType = sourcecode.swift; path = "UIViewController+SafeAnchor.swift"; sourceTree = "<group>"; };
		2AC5B24C29F3070100BC5B72 /* TileView.swift */ = {isa = PBXFileReference; fileEncoding = 4; lastKnownFileType = sourcecode.swift; path = TileView.swift; sourceTree = "<group>"; };
/* End PBXFileReference section */

/* Begin PBXFrameworksBuildPhase section */
		2A5E1DCD29F1732900823544 /* Frameworks */ = {
			isa = PBXFrameworksBuildPhase;
			buildActionMask = 2147483647;
			files = (
			);
			runOnlyForDeploymentPostprocessing = 0;
		};
/* End PBXFrameworksBuildPhase section */

/* Begin PBXGroup section */
		2A5E1DC729F1732900823544 = {
			isa = PBXGroup;
			children = (
				2A5E1DD229F1732900823544 /* Safearea */,
				2A5E1DD129F1732900823544 /* Products */,
			);
			sourceTree = "<group>";
		};
		2A5E1DD129F1732900823544 /* Products */ = {
			isa = PBXGroup;
			children = (
				2A5E1DD029F1732900823544 /* Safearea.app */,
			);
			name = Products;
			sourceTree = "<group>";
		};
		2A5E1DD229F1732900823544 /* Safearea */ = {
			isa = PBXGroup;
			children = (
				2AC5B24729F306C000BC5B72 /* Challenge 6.2 */,
				2AC5B24229F2D6D900BC5B72 /* Challenge 6.1 Margins In Interface Builder */,
				2A5E1DD329F1732900823544 /* AppDelegate.swift */,
				2A5E1DD529F1732900823544 /* SceneDelegate.swift */,
				2A5E1DD729F1732900823544 /* ViewController.swift */,
				2AC5B24029F28E3F00BC5B72 /* NestedView.swift */,
				2A5E1DD929F1732900823544 /* Main.storyboard */,
				2A5E1DDC29F1732E00823544 /* Assets.xcassets */,
				2A5E1DDE29F1732E00823544 /* LaunchScreen.storyboard */,
				2A5E1DE129F1732E00823544 /* Info.plist */,
			);
			path = Safearea;
			sourceTree = "<group>";
		};
		2AC5B24229F2D6D900BC5B72 /* Challenge 6.1 Margins In Interface Builder */ = {
			isa = PBXGroup;
			children = (
				2AC5B24329F2D71200BC5B72 /*  Margins Interface Builder.swift */,
				2AC5B24529F2ED8200BC5B72 /* NestedViewController.swift */,
			);
			path = "Challenge 6.1 Margins In Interface Builder";
			sourceTree = "<group>";
		};
		2AC5B24729F306C000BC5B72 /* Challenge 6.2 */ = {
			isa = PBXGroup;
			children = (
				2AC5B24C29F3070100BC5B72 /* TileView.swift */,
				2AC5B24A29F306FA00BC5B72 /* UIViewController+SafeAnchor.swift */,
				2AC5B24829F306F200BC5B72 /* RootViewController.swift */,
			);
			path = "Challenge 6.2";
			sourceTree = "<group>";
		};
/* End PBXGroup section */

/* Begin PBXNativeTarget section */
		2A5E1DCF29F1732900823544 /* Safearea */ = {
			isa = PBXNativeTarget;
			buildConfigurationList = 2A5E1DE429F1732E00823544 /* Build configuration list for PBXNativeTarget "Safearea" */;
			buildPhases = (
				2A5E1DCC29F1732900823544 /* Sources */,
				2A5E1DCD29F1732900823544 /* Frameworks */,
				2A5E1DCE29F1732900823544 /* Resources */,
			);
			buildRules = (
			);
			dependencies = (
			);
			name = Safearea;
			productName = Safearea;
			productReference = 2A5E1DD029F1732900823544 /* Safearea.app */;
			productType = "com.apple.product-type.application";
		};
/* End PBXNativeTarget section */

/* Begin PBXProject section */
		2A5E1DC829F1732900823544 /* Project object */ = {
			isa = PBXProject;
			attributes = {
				BuildIndependentTargetsInParallel = 1;
				LastSwiftUpdateCheck = 1310;
				LastUpgradeCheck = 1310;
				TargetAttributes = {
					2A5E1DCF29F1732900823544 = {
						CreatedOnToolsVersion = 13.1;
					};
				};
			};
			buildConfigurationList = 2A5E1DCB29F1732900823544 /* Build configuration list for PBXProject "Safearea" */;
			compatibilityVersion = "Xcode 13.0";
			developmentRegion = en;
			hasScannedForEncodings = 0;
			knownRegions = (
				en,
				Base,
			);
			mainGroup = 2A5E1DC729F1732900823544;
			productRefGroup = 2A5E1DD129F1732900823544 /* Products */;
			projectDirPath = "";
			projectRoot = "";
			targets = (
				2A5E1DCF29F1732900823544 /* Safearea */,
			);
		};
/* End PBXProject section */

/* Begin PBXResourcesBuildPhase section */
		2A5E1DCE29F1732900823544 /* Resources */ = {
			isa = PBXResourcesBuildPhase;
			buildActionMask = 2147483647;
			files = (
				2A5E1DE029F1732E00823544 /* LaunchScreen.storyboard in Resources */,
				2A5E1DDD29F1732E00823544 /* Assets.xcassets in Resources */,
				2A5E1DDB29F1732900823544 /* Main.storyboard in Resources */,
			);
			runOnlyForDeploymentPostprocessing = 0;
		};
/* End PBXResourcesBuildPhase section */

/* Begin PBXSourcesBuildPhase section */
		2A5E1DCC29F1732900823544 /* Sources */ = {
			isa = PBXSourcesBuildPhase;
			buildActionMask = 2147483647;
			files = (
				2AC5B24429F2D71200BC5B72 /*  Margins Interface Builder.swift in Sources */,
				2AC5B24629F2ED8200BC5B72 /* NestedViewController.swift in Sources */,
				2AC5B24B29F306FA00BC5B72 /* UIViewController+SafeAnchor.swift in Sources */,
				2A5E1DD829F1732900823544 /* ViewController.swift in Sources */,
				2AC5B24D29F3070100BC5B72 /* TileView.swift in Sources */,
				2AC5B24929F306F200BC5B72 /* RootViewController.swift in Sources */,
				2AC5B24129F28E3F00BC5B72 /* NestedView.swift in Sources */,
				2A5E1DD429F1732900823544 /* AppDelegate.swift in Sources */,
				2A5E1DD629F1732900823544 /* SceneDelegate.swift in Sources */,
			);
			runOnlyForDeploymentPostprocessing = 0;
		};
/* End PBXSourcesBuildPhase section */

/* Begin PBXVariantGroup section */
		2A5E1DD929F1732900823544 /* Main.storyboard */ = {
			isa = PBXVariantGroup;
			children = (
				2A5E1DDA29F1732900823544 /* Base */,
			);
			name = Main.storyboard;
			sourceTree = "<group>";
		};
		2A5E1DDE29F1732E00823544 /* LaunchScreen.storyboard */ = {
			isa = PBXVariantGroup;
			children = (
				2A5E1DDF29F1732E00823544 /* Base */,
			);
			name = LaunchScreen.storyboard;
			sourceTree = "<group>";
		};
/* End PBXVariantGroup section */

/* Begin XCBuildConfiguration section */
		2A5E1DE229F1732E00823544 /* Debug */ = {
			isa = XCBuildConfiguration;
			buildSettings = {
				ALWAYS_SEARCH_USER_PATHS = NO;
				CLANG_ANALYZER_NONNULL = YES;
				CLANG_ANALYZER_NUMBER_OBJECT_CONVERSION = YES_AGGRESSIVE;
				CLANG_CXX_LANGUAGE_STANDARD = "gnu++17";
				CLANG_CXX_LIBRARY = "libc++";
				CLANG_ENABLE_MODULES = YES;
				CLANG_ENABLE_OBJC_ARC = YES;
				CLANG_ENABLE_OBJC_WEAK = YES;
				CLANG_WARN_BLOCK_CAPTURE_AUTORELEASING = YES;
				CLANG_WARN_BOOL_CONVERSION = YES;
				CLANG_WARN_COMMA = YES;
				CLANG_WARN_CONSTANT_CONVERSION = YES;
				CLANG_WARN_DEPRECATED_OBJC_IMPLEMENTATIONS = YES;
				CLANG_WARN_DIRECT_OBJC_ISA_USAGE = YES_ERROR;
				CLANG_WARN_DOCUMENTATION_COMMENTS = YES;
				CLANG_WARN_EMPTY_BODY = YES;
				CLANG_WARN_ENUM_CONVERSION = YES;
				CLANG_WARN_INFINITE_RECURSION = YES;
				CLANG_WARN_INT_CONVERSION = YES;
				CLANG_WARN_NON_LITERAL_NULL_CONVERSION = YES;
				CLANG_WARN_OBJC_IMPLICIT_RETAIN_SELF = YES;
				CLANG_WARN_OBJC_LITERAL_CONVERSION = YES;
				CLANG_WARN_OBJC_ROOT_CLASS = YES_ERROR;
				CLANG_WARN_QUOTED_INCLUDE_IN_FRAMEWORK_HEADER = YES;
				CLANG_WARN_RANGE_LOOP_ANALYSIS = YES;
				CLANG_WARN_STRICT_PROTOTYPES = YES;
				CLANG_WARN_SUSPICIOUS_MOVE = YES;
				CLANG_WARN_UNGUARDED_AVAILABILITY = YES_AGGRESSIVE;
				CLANG_WARN_UNREACHABLE_CODE = YES;
				CLANG_WARN__DUPLICATE_METHOD_MATCH = YES;
				COPY_PHASE_STRIP = NO;
				DEBUG_INFORMATION_FORMAT = dwarf;
				ENABLE_STRICT_OBJC_MSGSEND = YES;
				ENABLE_TESTABILITY = YES;
				GCC_C_LANGUAGE_STANDARD = gnu11;
				GCC_DYNAMIC_NO_PIC = NO;
				GCC_NO_COMMON_BLOCKS = YES;
				GCC_OPTIMIZATION_LEVEL = 0;
				GCC_PREPROCESSOR_DEFINITIONS = (
					"DEBUG=1",
					"$(inherited)",
				);
				GCC_WARN_64_TO_32_BIT_CONVERSION = YES;
				GCC_WARN_ABOUT_RETURN_TYPE = YES_ERROR;
				GCC_WARN_UNDECLARED_SELECTOR = YES;
				GCC_WARN_UNINITIALIZED_AUTOS = YES_AGGRESSIVE;
				GCC_WARN_UNUSED_FUNCTION = YES;
				GCC_WARN_UNUSED_VARIABLE = YES;
				IPHONEOS_DEPLOYMENT_TARGET = 15.0;
				MTL_ENABLE_DEBUG_INFO = INCLUDE_SOURCE;
				MTL_FAST_MATH = YES;
				ONLY_ACTIVE_ARCH = YES;
				SDKROOT = iphoneos;
				SWIFT_ACTIVE_COMPILATION_CONDITIONS = DEBUG;
				SWIFT_OPTIMIZATION_LEVEL = "-Onone";
			};
			name = Debug;
		};
		2A5E1DE329F1732E00823544 /* Release */ = {
			isa = XCBuildConfiguration;
			buildSettings = {
				ALWAYS_SEARCH_USER_PATHS = NO;
				CLANG_ANALYZER_NONNULL = YES;
				CLANG_ANALYZER_NUMBER_OBJECT_CONVERSION = YES_AGGRESSIVE;
				CLANG_CXX_LANGUAGE_STANDARD = "gnu++17";
				CLANG_CXX_LIBRARY = "libc++";
				CLANG_ENABLE_MODULES = YES;
				CLANG_ENABLE_OBJC_ARC = YES;
				CLANG_ENABLE_OBJC_WEAK = YES;
				CLANG_WARN_BLOCK_CAPTURE_AUTORELEASING = YES;
				CLANG_WARN_BOOL_CONVERSION = YES;
				CLANG_WARN_COMMA = YES;
				CLANG_WARN_CONSTANT_CONVERSION = YES;
				CLANG_WARN_DEPRECATED_OBJC_IMPLEMENTATIONS = YES;
				CLANG_WARN_DIRECT_OBJC_ISA_USAGE = YES_ERROR;
				CLANG_WARN_DOCUMENTATION_COMMENTS = YES;
				CLANG_WARN_EMPTY_BODY = YES;
				CLANG_WARN_ENUM_CONVERSION = YES;
				CLANG_WARN_INFINITE_RECURSION = YES;
				CLANG_WARN_INT_CONVERSION = YES;
				CLANG_WARN_NON_LITERAL_NULL_CONVERSION = YES;
				CLANG_WARN_OBJC_IMPLICIT_RETAIN_SELF = YES;
				CLANG_WARN_OBJC_LITERAL_CONVERSION = YES;
				CLANG_WARN_OBJC_ROOT_CLASS = YES_ERROR;
				CLANG_WARN_QUOTED_INCLUDE_IN_FRAMEWORK_HEADER = YES;
				CLANG_WARN_RANGE_LOOP_ANALYSIS = YES;
				CLANG_WARN_STRICT_PROTOTYPES = YES;
				CLANG_WARN_SUSPICIOUS_MOVE = YES;
				CLANG_WARN_UNGUARDED_AVAILABILITY = YES_AGGRESSIVE;
				CLANG_WARN_UNREACHABLE_CODE = YES;
				CLANG_WARN__DUPLICATE_METHOD_MATCH = YES;
				COPY_PHASE_STRIP = NO;
				DEBUG_INFORMATION_FORMAT = "dwarf-with-dsym";
				ENABLE_NS_ASSERTIONS = NO;
				ENABLE_STRICT_OBJC_MSGSEND = YES;
				GCC_C_LANGUAGE_STANDARD = gnu11;
				GCC_NO_COMMON_BLOCKS = YES;
				GCC_WARN_64_TO_32_BIT_CONVERSION = YES;
				GCC_WARN_ABOUT_RETURN_TYPE = YES_ERROR;
				GCC_WARN_UNDECLARED_SELECTOR = YES;
				GCC_WARN_UNINITIALIZED_AUTOS = YES_AGGRESSIVE;
				GCC_WARN_UNUSED_FUNCTION = YES;
				GCC_WARN_UNUSED_VARIABLE = YES;
				IPHONEOS_DEPLOYMENT_TARGET = 15.0;
				MTL_ENABLE_DEBUG_INFO = NO;
				MTL_FAST_MATH = YES;
				SDKROOT = iphoneos;
				SWIFT_COMPILATION_MODE = wholemodule;
				SWIFT_OPTIMIZATION_LEVEL = "-O";
				VALIDATE_PRODUCT = YES;
			};
			name = Release;
		};
		2A5E1DE529F1732E00823544 /* Debug */ = {
			isa = XCBuildConfiguration;
			buildSettings = {
				ASSETCATALOG_COMPILER_APPICON_NAME = AppIcon;
				ASSETCATALOG_COMPILER_GLOBAL_ACCENT_COLOR_NAME = AccentColor;
				CODE_SIGN_STYLE = Automatic;
				CURRENT_PROJECT_VERSION = 1;
				GENERATE_INFOPLIST_FILE = YES;
				INFOPLIST_FILE = Safearea/Info.plist;
				INFOPLIST_KEY_UIApplicationSupportsIndirectInputEvents = YES;
				INFOPLIST_KEY_UILaunchStoryboardName = LaunchScreen;
				INFOPLIST_KEY_UIMainStoryboardFile = Main;
				INFOPLIST_KEY_UISupportedInterfaceOrientations_iPad = "UIInterfaceOrientationPortrait UIInterfaceOrientationPortraitUpsideDown UIInterfaceOrientationLandscapeLeft UIInterfaceOrientationLandscapeRight";
				INFOPLIST_KEY_UISupportedInterfaceOrientations_iPhone = "UIInterfaceOrientationPortrait UIInterfaceOrientationLandscapeLeft UIInterfaceOrientationLandscapeRight";
				LD_RUNPATH_SEARCH_PATHS = (
					"$(inherited)",
					"@executable_path/Frameworks",
				);
				MARKETING_VERSION = 1.0;
				PRODUCT_BUNDLE_IDENTIFIER = king.Safearea;
				PRODUCT_NAME = "$(TARGET_NAME)";
				SWIFT_EMIT_LOC_STRINGS = YES;
				SWIFT_VERSION = 5.0;
				TARGETED_DEVICE_FAMILY = "1,2";
			};
			name = Debug;
		};
		2A5E1DE629F1732E00823544 /* Release */ = {
			isa = XCBuildConfiguration;
			buildSettings = {
				ASSETCATALOG_COMPILER_APPICON_NAME = AppIcon;
				ASSETCATALOG_COMPILER_GLOBAL_ACCENT_COLOR_NAME = AccentColor;
				CODE_SIGN_STYLE = Automatic;
				CURRENT_PROJECT_VERSION = 1;
				GENERATE_INFOPLIST_FILE = YES;
				INFOPLIST_FILE = Safearea/Info.plist;
				INFOPLIST_KEY_UIApplicationSupportsIndirectInputEvents = YES;
				INFOPLIST_KEY_UILaunchStoryboardName = LaunchScreen;
				INFOPLIST_KEY_UIMainStoryboardFile = Main;
				INFOPLIST_KEY_UISupportedInterfaceOrientations_iPad = "UIInterfaceOrientationPortrait UIInterfaceOrientationPortraitUpsideDown UIInterfaceOrientationLandscapeLeft UIInterfaceOrientationLandscapeRight";
				INFOPLIST_KEY_UISupportedInterfaceOrientations_iPhone = "UIInterfaceOrientationPortrait UIInterfaceOrientationLandscapeLeft UIInterfaceOrientationLandscapeRight";
				LD_RUNPATH_SEARCH_PATHS = (
					"$(inherited)",
					"@executable_path/Frameworks",
				);
				MARKETING_VERSION = 1.0;
				PRODUCT_BUNDLE_IDENTIFIER = king.Safearea;
				PRODUCT_NAME = "$(TARGET_NAME)";
				SWIFT_EMIT_LOC_STRINGS = YES;
				SWIFT_VERSION = 5.0;
				TARGETED_DEVICE_FAMILY = "1,2";
			};
			name = Release;
		};
/* End XCBuildConfiguration section */

/* Begin XCConfigurationList section */
		2A5E1DCB29F1732900823544 /* Build configuration list for PBXProject "Safearea" */ = {
			isa = XCConfigurationList;
			buildConfigurations = (
				2A5E1DE229F1732E00823544 /* Debug */,
				2A5E1DE329F1732E00823544 /* Release */,
			);
			defaultConfigurationIsVisible = 0;
			defaultConfigurationName = Release;
		};
		2A5E1DE429F1732E00823544 /* Build configuration list for PBXNativeTarget "Safearea" */ = {
			isa = XCConfigurationList;
			buildConfigurations = (
				2A5E1DE529F1732E00823544 /* Debug */,
				2A5E1DE629F1732E00823544 /* Release */,
			);
			defaultConfigurationIsVisible = 0;
			defaultConfigurationName = Release;
		};
/* End XCConfigurationList section */
	};
	rootObject = 2A5E1DC829F1732900823544 /* Project object */;
}
